<Solution>
  <Folder Name="/FxLink.StateMachine/">
    <Project Path="src/FxLink.StateMachine.EntityFrameworkCore/FxLink.StateMachine.EntityFrameworkCore.csproj" />
    <Project Path="src/FxLink.StateMachine/FxLink.StateMachine.csproj" />
  </Folder>
  <Folder Name="/FxLink.Tests/">
    <Project Path="tests/Contracts/Contracts.csproj" />
    <Project Path="tests/FxLink.Tests/FxLink.Tests.csproj" />
    <Project Path="tests/Order/Order.csproj" />
    <Project Path="tests/Payment/Payment.csproj" />
    <Project Path="tests/StateMachine/StateMachine.csproj" />
  </Folder>
  <Folder Name="/FxLink.Transports/">
    <Project Path="src/FxLink.RabbitMq/FxLink.RabbitMq.csproj" />
  </Folder>
  <Folder Name="/FxLink/">
    <Project Path="src\FxLink\FxLink.csproj" />
  </Folder>
</Solution>
